// !$*UTF8*$!
{
	archiveVersion = 1;
	classes = {
	};
	objectVersion = 50;
	objects = {

/* Begin PBXBuildFile section */
		4844DBAE239117E5008E6DD5 /* ProductCell.xib in Resources */ = {isa = PBXBuildFile; fileRef = 4844DBAD239117E5008E6DD5 /* ProductCell.xib */; };
		4844DBB02391181B008E6DD5 /* ProductCell.swift in Sources */ = {isa = PBXBuildFile; fileRef = 4844DBAF2391181B008E6DD5 /* ProductCell.swift */; };
		4844DBB223911A3E008E6DD5 /* Constants.swift in Sources */ = {isa = PBXBuildFile; fileRef = 4844DBB123911A3E008E6DD5 /* Constants.swift */; };
		4844DBB4239136D5008E6DD5 /* ProductCellDelegate.swift in Sources */ = {isa = PBXBuildFile; fileRef = 4844DBB3239136D5008E6DD5 /* ProductCellDelegate.swift */; };
		48BE92C3238ECABA00A89EF4 /* AppDelegate.swift in Sources */ = {isa = PBXBuildFile; fileRef = 48BE92C2238ECABA00A89EF4 /* AppDelegate.swift */; };
		48BE92CA238ECABA00A89EF4 /* Main.storyboard in Resources */ = {isa = PBXBuildFile; fileRef = 48BE92C8238ECABA00A89EF4 /* Main.storyboard */; };
		48BE92CD238ECABA00A89EF4 /* M01ClothesStore.xcdatamodeld in Sources */ = {isa = PBXBuildFile; fileRef = 48BE92CB238ECABA00A89EF4 /* M01ClothesStore.xcdatamodeld */; };
		48BE92CF238ECABB00A89EF4 /* Assets.xcassets in Resources */ = {isa = PBXBuildFile; fileRef = 48BE92CE238ECABB00A89EF4 /* Assets.xcassets */; };
		48BE92D2238ECABB00A89EF4 /* LaunchScreen.storyboard in Resources */ = {isa = PBXBuildFile; fileRef = 48BE92D0238ECABB00A89EF4 /* LaunchScreen.storyboard */; };
		48BE92DD238ECABC00A89EF4 /* M01ClothesStoreTests.swift in Sources */ = {isa = PBXBuildFile; fileRef = 48BE92DC238ECABC00A89EF4 /* M01ClothesStoreTests.swift */; };
		48BE92E8238ECABC00A89EF4 /* M01ClothesStoreUITests.swift in Sources */ = {isa = PBXBuildFile; fileRef = 48BE92E7238ECABC00A89EF4 /* M01ClothesStoreUITests.swift */; };
		48BE92FB238FB6CF00A89EF4 /* CatalogueViewController.swift in Sources */ = {isa = PBXBuildFile; fileRef = 48BE92FA238FB6CF00A89EF4 /* CatalogueViewController.swift */; };
		48BE92FD238FB6E300A89EF4 /* WishlistViewController.swift in Sources */ = {isa = PBXBuildFile; fileRef = 48BE92FC238FB6E300A89EF4 /* WishlistViewController.swift */; };
		48BE92FF238FB6EF00A89EF4 /* CartViewController.swift in Sources */ = {isa = PBXBuildFile; fileRef = 48BE92FE238FB6EF00A89EF4 /* CartViewController.swift */; };
		48BE9302238FB81900A89EF4 /* Repository.swift in Sources */ = {isa = PBXBuildFile; fileRef = 48BE9301238FB81900A89EF4 /* Repository.swift */; };
		48BE9304238FBDC800A89EF4 /* API.swift in Sources */ = {isa = PBXBuildFile; fileRef = 48BE9303238FBDC800A89EF4 /* API.swift */; };
		48BE9306238FBDD900A89EF4 /* Model.swift in Sources */ = {isa = PBXBuildFile; fileRef = 48BE9305238FBDD900A89EF4 /* Model.swift */; };
		48BE930E238FBEB600A89EF4 /* DataObjects.swift in Sources */ = {isa = PBXBuildFile; fileRef = 48BE930D238FBEB600A89EF4 /* DataObjects.swift */; };
		48BE9311238FCFA600A89EF4 /* README.md in Resources */ = {isa = PBXBuildFile; fileRef = 48BE9310238FCFA600A89EF4 /* README.md */; };
/* End PBXBuildFile section */

/* Begin PBXContainerItemProxy section */
		48BE92D9238ECABC00A89EF4 /* PBXContainerItemProxy */ = {
			isa = PBXContainerItemProxy;
			containerPortal = 48BE92B7238ECABA00A89EF4 /* Project object */;
			proxyType = 1;
			remoteGlobalIDString = 48BE92BE238ECABA00A89EF4;
			remoteInfo = M01ClothesStore;
		};
		48BE92E4238ECABC00A89EF4 /* PBXContainerItemProxy */ = {
			isa = PBXContainerItemProxy;
			containerPortal = 48BE92B7238ECABA00A89EF4 /* Project object */;
			proxyType = 1;
			remoteGlobalIDString = 48BE92BE238ECABA00A89EF4;
			remoteInfo = M01ClothesStore;
		};
/* End PBXContainerItemProxy section */

/* Begin PBXFileReference section */
		4844DBAD239117E5008E6DD5 /* ProductCell.xib */ = {isa = PBXFileReference; lastKnownFileType = file.xib; path = ProductCell.xib; sourceTree = "<group>"; };
		4844DBAF2391181B008E6DD5 /* ProductCell.swift */ = {isa = PBXFileReference; lastKnownFileType = sourcecode.swift; path = ProductCell.swift; sourceTree = "<group>"; };
		4844DBB123911A3E008E6DD5 /* Constants.swift */ = {isa = PBXFileReference; lastKnownFileType = sourcecode.swift; path = Constants.swift; sourceTree = "<group>"; };
		4844DBB3239136D5008E6DD5 /* ProductCellDelegate.swift */ = {isa = PBXFileReference; lastKnownFileType = sourcecode.swift; path = ProductCellDelegate.swift; sourceTree = "<group>"; };
		48BE92BF238ECABA00A89EF4 /* M01ClothesStore.app */ = {isa = PBXFileReference; explicitFileType = wrapper.application; includeInIndex = 0; path = M01ClothesStore.app; sourceTree = BUILT_PRODUCTS_DIR; };
		48BE92C2238ECABA00A89EF4 /* AppDelegate.swift */ = {isa = PBXFileReference; lastKnownFileType = sourcecode.swift; path = AppDelegate.swift; sourceTree = "<group>"; };
		48BE92C4238ECABA00A89EF4 /* SceneDelegate.swift */ = {isa = PBXFileReference; lastKnownFileType = sourcecode.swift; path = SceneDelegate.swift; sourceTree = "<group>"; };
		48BE92C9238ECABA00A89EF4 /* Base */ = {isa = PBXFileReference; lastKnownFileType = file.storyboard; name = Base; path = Base.lproj/Main.storyboard; sourceTree = "<group>"; };
		48BE92CC238ECABA00A89EF4 /* M01ClothesStore.xcdatamodel */ = {isa = PBXFileReference; lastKnownFileType = wrapper.xcdatamodel; path = M01ClothesStore.xcdatamodel; sourceTree = "<group>"; };
		48BE92CE238ECABB00A89EF4 /* Assets.xcassets */ = {isa = PBXFileReference; lastKnownFileType = folder.assetcatalog; path = Assets.xcassets; sourceTree = "<group>"; };
		48BE92D1238ECABB00A89EF4 /* Base */ = {isa = PBXFileReference; lastKnownFileType = file.storyboard; name = Base; path = Base.lproj/LaunchScreen.storyboard; sourceTree = "<group>"; };
		48BE92D3238ECABB00A89EF4 /* Info.plist */ = {isa = PBXFileReference; lastKnownFileType = text.plist.xml; path = Info.plist; sourceTree = "<group>"; };
		48BE92D8238ECABC00A89EF4 /* M01ClothesStoreTests.xctest */ = {isa = PBXFileReference; explicitFileType = wrapper.cfbundle; includeInIndex = 0; path = M01ClothesStoreTests.xctest; sourceTree = BUILT_PRODUCTS_DIR; };
		48BE92DC238ECABC00A89EF4 /* M01ClothesStoreTests.swift */ = {isa = PBXFileReference; lastKnownFileType = sourcecode.swift; path = M01ClothesStoreTests.swift; sourceTree = "<group>"; };
		48BE92DE238ECABC00A89EF4 /* Info.plist */ = {isa = PBXFileReference; lastKnownFileType = text.plist.xml; path = Info.plist; sourceTree = "<group>"; };
		48BE92E3238ECABC00A89EF4 /* M01ClothesStoreUITests.xctest */ = {isa = PBXFileReference; explicitFileType = wrapper.cfbundle; includeInIndex = 0; path = M01ClothesStoreUITests.xctest; sourceTree = BUILT_PRODUCTS_DIR; };
		48BE92E7238ECABC00A89EF4 /* M01ClothesStoreUITests.swift */ = {isa = PBXFileReference; lastKnownFileType = sourcecode.swift; path = M01ClothesStoreUITests.swift; sourceTree = "<group>"; };
		48BE92E9238ECABC00A89EF4 /* Info.plist */ = {isa = PBXFileReference; lastKnownFileType = text.plist.xml; path = Info.plist; sourceTree = "<group>"; };
		48BE92FA238FB6CF00A89EF4 /* CatalogueViewController.swift */ = {isa = PBXFileReference; lastKnownFileType = sourcecode.swift; path = CatalogueViewController.swift; sourceTree = "<group>"; };
		48BE92FC238FB6E300A89EF4 /* WishlistViewController.swift */ = {isa = PBXFileReference; lastKnownFileType = sourcecode.swift; path = WishlistViewController.swift; sourceTree = "<group>"; };
		48BE92FE238FB6EF00A89EF4 /* CartViewController.swift */ = {isa = PBXFileReference; lastKnownFileType = sourcecode.swift; path = CartViewController.swift; sourceTree = "<group>"; };
		48BE9301238FB81900A89EF4 /* Repository.swift */ = {isa = PBXFileReference; lastKnownFileType = sourcecode.swift; path = Repository.swift; sourceTree = "<group>"; };
		48BE9303238FBDC800A89EF4 /* API.swift */ = {isa = PBXFileReference; lastKnownFileType = sourcecode.swift; path = API.swift; sourceTree = "<group>"; };
		48BE9305238FBDD900A89EF4 /* Model.swift */ = {isa = PBXFileReference; lastKnownFileType = sourcecode.swift; path = Model.swift; sourceTree = "<group>"; };
		48BE930D238FBEB600A89EF4 /* DataObjects.swift */ = {isa = PBXFileReference; lastKnownFileType = sourcecode.swift; path = DataObjects.swift; sourceTree = "<group>"; };
		48BE9310238FCFA600A89EF4 /* README.md */ = {isa = PBXFileReference; fileEncoding = 4; lastKnownFileType = net.daringfireball.markdown; path = README.md; sourceTree = "<group>"; };
/* End PBXFileReference section */

/* Begin PBXFrameworksBuildPhase section */
		48BE92BC238ECABA00A89EF4 /* Frameworks */ = {
			isa = PBXFrameworksBuildPhase;
			buildActionMask = 2147483647;
			files = (
			);
			runOnlyForDeploymentPostprocessing = 0;
		};
		48BE92D5238ECABC00A89EF4 /* Frameworks */ = {
			isa = PBXFrameworksBuildPhase;
			buildActionMask = 2147483647;
			files = (
			);
			runOnlyForDeploymentPostprocessing = 0;
		};
		48BE92E0238ECABC00A89EF4 /* Frameworks */ = {
			isa = PBXFrameworksBuildPhase;
			buildActionMask = 2147483647;
			files = (
			);
			runOnlyForDeploymentPostprocessing = 0;
		};
/* End PBXFrameworksBuildPhase section */

/* Begin PBXGroup section */
		48BE92B6238ECABA00A89EF4 = {
			isa = PBXGroup;
			children = (
				48BE9310238FCFA600A89EF4 /* README.md */,
				48BE92C1238ECABA00A89EF4 /* M01ClothesStore */,
				48BE92DB238ECABC00A89EF4 /* M01ClothesStoreTests */,
				48BE92E6238ECABC00A89EF4 /* M01ClothesStoreUITests */,
				48BE92C0238ECABA00A89EF4 /* Products */,
			);
			sourceTree = "<group>";
		};
		48BE92C0238ECABA00A89EF4 /* Products */ = {
			isa = PBXGroup;
			children = (
				48BE92BF238ECABA00A89EF4 /* M01ClothesStore.app */,
				48BE92D8238ECABC00A89EF4 /* M01ClothesStoreTests.xctest */,
				48BE92E3238ECABC00A89EF4 /* M01ClothesStoreUITests.xctest */,
			);
			name = Products;
			sourceTree = "<group>";
		};
		48BE92C1238ECABA00A89EF4 /* M01ClothesStore */ = {
			isa = PBXGroup;
			children = (
				48BE92F5238FB39A00A89EF4 /* Screens */,
				48BE930F238FCF7500A89EF4 /* Views */,
				48BE92F6238FB3AF00A89EF4 /* Repository */,
				48BE930C238FBE9200A89EF4 /* Protocols */,
				48BE9300238FB79600A89EF4 /* Misc */,
				48BE92C2238ECABA00A89EF4 /* AppDelegate.swift */,
				48BE92C4238ECABA00A89EF4 /* SceneDelegate.swift */,
				4844DBB123911A3E008E6DD5 /* Constants.swift */,
				48BE92D3238ECABB00A89EF4 /* Info.plist */,
			);
			path = M01ClothesStore;
			sourceTree = "<group>";
		};
		48BE92DB238ECABC00A89EF4 /* M01ClothesStoreTests */ = {
			isa = PBXGroup;
			children = (
				48BE92DC238ECABC00A89EF4 /* M01ClothesStoreTests.swift */,
				48BE92DE238ECABC00A89EF4 /* Info.plist */,
			);
			path = M01ClothesStoreTests;
			sourceTree = "<group>";
		};
		48BE92E6238ECABC00A89EF4 /* M01ClothesStoreUITests */ = {
			isa = PBXGroup;
			children = (
				48BE92E7238ECABC00A89EF4 /* M01ClothesStoreUITests.swift */,
				48BE92E9238ECABC00A89EF4 /* Info.plist */,
			);
			path = M01ClothesStoreUITests;
			sourceTree = "<group>";
		};
		48BE92F5238FB39A00A89EF4 /* Screens */ = {
			isa = PBXGroup;
			children = (
				48BE92C8238ECABA00A89EF4 /* Main.storyboard */,
				48BE92F7238FB68F00A89EF4 /* Catalogue */,
				48BE92F8238FB69800A89EF4 /* Wishlist */,
				48BE92F9238FB6AD00A89EF4 /* Cart */,
			);
			path = Screens;
			sourceTree = "<group>";
		};
		48BE92F6238FB3AF00A89EF4 /* Repository */ = {
			isa = PBXGroup;
			children = (
				48BE930D238FBEB600A89EF4 /* DataObjects.swift */,
				48BE9301238FB81900A89EF4 /* Repository.swift */,
			);
			path = Repository;
			sourceTree = "<group>";
		};
		48BE92F7238FB68F00A89EF4 /* Catalogue */ = {
			isa = PBXGroup;
			children = (
				48BE92FA238FB6CF00A89EF4 /* CatalogueViewController.swift */,
			);
			path = Catalogue;
			sourceTree = "<group>";
		};
		48BE92F8238FB69800A89EF4 /* Wishlist */ = {
			isa = PBXGroup;
			children = (
				48BE92FC238FB6E300A89EF4 /* WishlistViewController.swift */,
			);
			path = Wishlist;
			sourceTree = "<group>";
		};
		48BE92F9238FB6AD00A89EF4 /* Cart */ = {
			isa = PBXGroup;
			children = (
				48BE92FE238FB6EF00A89EF4 /* CartViewController.swift */,
			);
			path = Cart;
			sourceTree = "<group>";
		};
		48BE9300238FB79600A89EF4 /* Misc */ = {
			isa = PBXGroup;
			children = (
				48BE92CE238ECABB00A89EF4 /* Assets.xcassets */,
				48BE92D0238ECABB00A89EF4 /* LaunchScreen.storyboard */,
				48BE92CB238ECABA00A89EF4 /* M01ClothesStore.xcdatamodeld */,
			);
			path = Misc;
			sourceTree = "<group>";
		};
		48BE930C238FBE9200A89EF4 /* Protocols */ = {
			isa = PBXGroup;
			children = (
				48BE9303238FBDC800A89EF4 /* API.swift */,
				48BE9305238FBDD900A89EF4 /* Model.swift */,
				4844DBB3239136D5008E6DD5 /* ProductCellDelegate.swift */,
			);
			path = Protocols;
			sourceTree = "<group>";
		};
		48BE930F238FCF7500A89EF4 /* Views */ = {
			isa = PBXGroup;
			children = (
				4844DBAD239117E5008E6DD5 /* ProductCell.xib */,
				4844DBAF2391181B008E6DD5 /* ProductCell.swift */,
			);
			path = Views;
			sourceTree = "<group>";
		};
/* End PBXGroup section */

/* Begin PBXNativeTarget section */
		48BE92BE238ECABA00A89EF4 /* M01ClothesStore */ = {
			isa = PBXNativeTarget;
			buildConfigurationList = 48BE92EC238ECABC00A89EF4 /* Build configuration list for PBXNativeTarget "M01ClothesStore" */;
			buildPhases = (
				48BE92BB238ECABA00A89EF4 /* Sources */,
				48BE92BC238ECABA00A89EF4 /* Frameworks */,
				48BE92BD238ECABA00A89EF4 /* Resources */,
			);
			buildRules = (
			);
			dependencies = (
			);
			name = M01ClothesStore;
			productName = M01ClothesStore;
			productReference = 48BE92BF238ECABA00A89EF4 /* M01ClothesStore.app */;
			productType = "com.apple.product-type.application";
		};
		48BE92D7238ECABC00A89EF4 /* M01ClothesStoreTests */ = {
			isa = PBXNativeTarget;
			buildConfigurationList = 48BE92EF238ECABC00A89EF4 /* Build configuration list for PBXNativeTarget "M01ClothesStoreTests" */;
			buildPhases = (
				48BE92D4238ECABC00A89EF4 /* Sources */,
				48BE92D5238ECABC00A89EF4 /* Frameworks */,
				48BE92D6238ECABC00A89EF4 /* Resources */,
			);
			buildRules = (
			);
			dependencies = (
				48BE92DA238ECABC00A89EF4 /* PBXTargetDependency */,
			);
			name = M01ClothesStoreTests;
			productName = M01ClothesStoreTests;
			productReference = 48BE92D8238ECABC00A89EF4 /* M01ClothesStoreTests.xctest */;
			productType = "com.apple.product-type.bundle.unit-test";
		};
		48BE92E2238ECABC00A89EF4 /* M01ClothesStoreUITests */ = {
			isa = PBXNativeTarget;
			buildConfigurationList = 48BE92F2238ECABC00A89EF4 /* Build configuration list for PBXNativeTarget "M01ClothesStoreUITests" */;
			buildPhases = (
				48BE92DF238ECABC00A89EF4 /* Sources */,
				48BE92E0238ECABC00A89EF4 /* Frameworks */,
				48BE92E1238ECABC00A89EF4 /* Resources */,
			);
			buildRules = (
			);
			dependencies = (
				48BE92E5238ECABC00A89EF4 /* PBXTargetDependency */,
			);
			name = M01ClothesStoreUITests;
			productName = M01ClothesStoreUITests;
			productReference = 48BE92E3238ECABC00A89EF4 /* M01ClothesStoreUITests.xctest */;
			productType = "com.apple.product-type.bundle.ui-testing";
		};
/* End PBXNativeTarget section */

/* Begin PBXProject section */
		48BE92B7238ECABA00A89EF4 /* Project object */ = {
			isa = PBXProject;
			attributes = {
				LastSwiftUpdateCheck = 1120;
				LastUpgradeCheck = 1120;
				ORGANIZATIONNAME = MachargCorp;
				TargetAttributes = {
					48BE92BE238ECABA00A89EF4 = {
						CreatedOnToolsVersion = 11.2.1;
					};
					48BE92D7238ECABC00A89EF4 = {
						CreatedOnToolsVersion = 11.2.1;
						TestTargetID = 48BE92BE238ECABA00A89EF4;
					};
					48BE92E2238ECABC00A89EF4 = {
						CreatedOnToolsVersion = 11.2.1;
						TestTargetID = 48BE92BE238ECABA00A89EF4;
					};
				};
			};
			buildConfigurationList = 48BE92BA238ECABA00A89EF4 /* Build configuration list for PBXProject "M01ClothesStore" */;
			compatibilityVersion = "Xcode 9.3";
			developmentRegion = en;
			hasScannedForEncodings = 0;
			knownRegions = (
				en,
				Base,
			);
			mainGroup = 48BE92B6238ECABA00A89EF4;
			productRefGroup = 48BE92C0238ECABA00A89EF4 /* Products */;
			projectDirPath = "";
			projectRoot = "";
			targets = (
				48BE92BE238ECABA00A89EF4 /* M01ClothesStore */,
				48BE92D7238ECABC00A89EF4 /* M01ClothesStoreTests */,
				48BE92E2238ECABC00A89EF4 /* M01ClothesStoreUITests */,
			);
		};
/* End PBXProject section */

/* Begin PBXResourcesBuildPhase section */
		48BE92BD238ECABA00A89EF4 /* Resources */ = {
			isa = PBXResourcesBuildPhase;
			buildActionMask = 2147483647;
			files = (
				48BE92D2238ECABB00A89EF4 /* LaunchScreen.storyboard in Resources */,
				48BE92CF238ECABB00A89EF4 /* Assets.xcassets in Resources */,
				4844DBAE239117E5008E6DD5 /* ProductCell.xib in Resources */,
				48BE9311238FCFA600A89EF4 /* README.md in Resources */,
				48BE92CA238ECABA00A89EF4 /* Main.storyboard in Resources */,
			);
			runOnlyForDeploymentPostprocessing = 0;
		};
		48BE92D6238ECABC00A89EF4 /* Resources */ = {
			isa = PBXResourcesBuildPhase;
			buildActionMask = 2147483647;
			files = (
			);
			runOnlyForDeploymentPostprocessing = 0;
		};
		48BE92E1238ECABC00A89EF4 /* Resources */ = {
			isa = PBXResourcesBuildPhase;
			buildActionMask = 2147483647;
			files = (
			);
			runOnlyForDeploymentPostprocessing = 0;
		};
/* End PBXResourcesBuildPhase section */

/* Begin PBXSourcesBuildPhase section */
		48BE92BB238ECABA00A89EF4 /* Sources */ = {
			isa = PBXSourcesBuildPhase;
			buildActionMask = 2147483647;
			files = (
				48BE9304238FBDC800A89EF4 /* API.swift in Sources */,
				4844DBB02391181B008E6DD5 /* ProductCell.swift in Sources */,
				48BE9302238FB81900A89EF4 /* Repository.swift in Sources */,
				48BE92FD238FB6E300A89EF4 /* WishlistViewController.swift in Sources */,
				48BE92FF238FB6EF00A89EF4 /* CartViewController.swift in Sources */,
				48BE930E238FBEB600A89EF4 /* DataObjects.swift in Sources */,
				48BE9306238FBDD900A89EF4 /* Model.swift in Sources */,
				48BE92CD238ECABA00A89EF4 /* M01ClothesStore.xcdatamodeld in Sources */,
				48BE92C3238ECABA00A89EF4 /* AppDelegate.swift in Sources */,
				4844DBB4239136D5008E6DD5 /* ProductCellDelegate.swift in Sources */,
				48BE92FB238FB6CF00A89EF4 /* CatalogueViewController.swift in Sources */,
				4844DBB223911A3E008E6DD5 /* Constants.swift in Sources */,
			);
			runOnlyForDeploymentPostprocessing = 0;
		};
		48BE92D4238ECABC00A89EF4 /* Sources */ = {
			isa = PBXSourcesBuildPhase;
			buildActionMask = 2147483647;
			files = (
				48BE92DD238ECABC00A89EF4 /* M01ClothesStoreTests.swift in Sources */,
			);
			runOnlyForDeploymentPostprocessing = 0;
		};
		48BE92DF238ECABC00A89EF4 /* Sources */ = {
			isa = PBXSourcesBuildPhase;
			buildActionMask = 2147483647;
			files = (
				48BE92E8238ECABC00A89EF4 /* M01ClothesStoreUITests.swift in Sources */,
			);
			runOnlyForDeploymentPostprocessing = 0;
		};
/* End PBXSourcesBuildPhase section */

/* Begin PBXTargetDependency section */
		48BE92DA238ECABC00A89EF4 /* PBXTargetDependency */ = {
			isa = PBXTargetDependency;
			target = 48BE92BE238ECABA00A89EF4 /* M01ClothesStore */;
			targetProxy = 48BE92D9238ECABC00A89EF4 /* PBXContainerItemProxy */;
		};
		48BE92E5238ECABC00A89EF4 /* PBXTargetDependency */ = {
			isa = PBXTargetDependency;
			target = 48BE92BE238ECABA00A89EF4 /* M01ClothesStore */;
			targetProxy = 48BE92E4238ECABC00A89EF4 /* PBXContainerItemProxy */;
		};
/* End PBXTargetDependency section */

/* Begin PBXVariantGroup section */
		48BE92C8238ECABA00A89EF4 /* Main.storyboard */ = {
			isa = PBXVariantGroup;
			children = (
				48BE92C9238ECABA00A89EF4 /* Base */,
			);
			name = Main.storyboard;
			sourceTree = "<group>";
		};
		48BE92D0238ECABB00A89EF4 /* LaunchScreen.storyboard */ = {
			isa = PBXVariantGroup;
			children = (
				48BE92D1238ECABB00A89EF4 /* Base */,
			);
			name = LaunchScreen.storyboard;
			sourceTree = "<group>";
		};
/* End PBXVariantGroup section */

/* Begin XCBuildConfiguration section */
		48BE92EA238ECABC00A89EF4 /* Debug */ = {
			isa = XCBuildConfiguration;
			buildSettings = {
				ALWAYS_SEARCH_USER_PATHS = NO;
				CLANG_ANALYZER_NONNULL = YES;
				CLANG_ANALYZER_NUMBER_OBJECT_CONVERSION = YES_AGGRESSIVE;
				CLANG_CXX_LANGUAGE_STANDARD = "gnu++14";
				CLANG_CXX_LIBRARY = "libc++";
				CLANG_ENABLE_MODULES = YES;
				CLANG_ENABLE_OBJC_ARC = YES;
				CLANG_ENABLE_OBJC_WEAK = YES;
				CLANG_WARN_BLOCK_CAPTURE_AUTORELEASING = YES;
				CLANG_WARN_BOOL_CONVERSION = YES;
				CLANG_WARN_COMMA = YES;
				CLANG_WARN_CONSTANT_CONVERSION = YES;
				CLANG_WARN_DEPRECATED_OBJC_IMPLEMENTATIONS = YES;
				CLANG_WARN_DIRECT_OBJC_ISA_USAGE = YES_ERROR;
				CLANG_WARN_DOCUMENTATION_COMMENTS = YES;
				CLANG_WARN_EMPTY_BODY = YES;
				CLANG_WARN_ENUM_CONVERSION = YES;
				CLANG_WARN_INFINITE_RECURSION = YES;
				CLANG_WARN_INT_CONVERSION = YES;
				CLANG_WARN_NON_LITERAL_NULL_CONVERSION = YES;
				CLANG_WARN_OBJC_IMPLICIT_RETAIN_SELF = YES;
				CLANG_WARN_OBJC_LITERAL_CONVERSION = YES;
				CLANG_WARN_OBJC_ROOT_CLASS = YES_ERROR;
				CLANG_WARN_RANGE_LOOP_ANALYSIS = YES;
				CLANG_WARN_STRICT_PROTOTYPES = YES;
				CLANG_WARN_SUSPICIOUS_MOVE = YES;
				CLANG_WARN_UNGUARDED_AVAILABILITY = YES_AGGRESSIVE;
				CLANG_WARN_UNREACHABLE_CODE = YES;
				CLANG_WARN__DUPLICATE_METHOD_MATCH = YES;
				COPY_PHASE_STRIP = NO;
				DEBUG_INFORMATION_FORMAT = dwarf;
				ENABLE_STRICT_OBJC_MSGSEND = YES;
				ENABLE_TESTABILITY = YES;
				GCC_C_LANGUAGE_STANDARD = gnu11;
				GCC_DYNAMIC_NO_PIC = NO;
				GCC_NO_COMMON_BLOCKS = YES;
				GCC_OPTIMIZATION_LEVEL = 0;
				GCC_PREPROCESSOR_DEFINITIONS = (
					"DEBUG=1",
					"$(inherited)",
				);
				GCC_WARN_64_TO_32_BIT_CONVERSION = YES;
				GCC_WARN_ABOUT_RETURN_TYPE = YES_ERROR;
				GCC_WARN_UNDECLARED_SELECTOR = YES;
				GCC_WARN_UNINITIALIZED_AUTOS = YES_AGGRESSIVE;
				GCC_WARN_UNUSED_FUNCTION = YES;
				GCC_WARN_UNUSED_VARIABLE = YES;
				IPHONEOS_DEPLOYMENT_TARGET = 13.2;
				MTL_ENABLE_DEBUG_INFO = INCLUDE_SOURCE;
				MTL_FAST_MATH = YES;
				ONLY_ACTIVE_ARCH = YES;
				SDKROOT = iphoneos;
				SWIFT_ACTIVE_COMPILATION_CONDITIONS = DEBUG;
				SWIFT_OPTIMIZATION_LEVEL = "-Onone";
			};
			name = Debug;
		};
		48BE92EB238ECABC00A89EF4 /* Release */ = {
			isa = XCBuildConfiguration;
			buildSettings = {
				ALWAYS_SEARCH_USER_PATHS = NO;
				CLANG_ANALYZER_NONNULL = YES;
				CLANG_ANALYZER_NUMBER_OBJECT_CONVERSION = YES_AGGRESSIVE;
				CLANG_CXX_LANGUAGE_STANDARD = "gnu++14";
				CLANG_CXX_LIBRARY = "libc++";
				CLANG_ENABLE_MODULES = YES;
				CLANG_ENABLE_OBJC_ARC = YES;
				CLANG_ENABLE_OBJC_WEAK = YES;
				CLANG_WARN_BLOCK_CAPTURE_AUTORELEASING = YES;
				CLANG_WARN_BOOL_CONVERSION = YES;
				CLANG_WARN_COMMA = YES;
				CLANG_WARN_CONSTANT_CONVERSION = YES;
				CLANG_WARN_DEPRECATED_OBJC_IMPLEMENTATIONS = YES;
				CLANG_WARN_DIRECT_OBJC_ISA_USAGE = YES_ERROR;
				CLANG_WARN_DOCUMENTATION_COMMENTS = YES;
				CLANG_WARN_EMPTY_BODY = YES;
				CLANG_WARN_ENUM_CONVERSION = YES;
				CLANG_WARN_INFINITE_RECURSION = YES;
				CLANG_WARN_INT_CONVERSION = YES;
				CLANG_WARN_NON_LITERAL_NULL_CONVERSION = YES;
				CLANG_WARN_OBJC_IMPLICIT_RETAIN_SELF = YES;
				CLANG_WARN_OBJC_LITERAL_CONVERSION = YES;
				CLANG_WARN_OBJC_ROOT_CLASS = YES_ERROR;
				CLANG_WARN_RANGE_LOOP_ANALYSIS = YES;
				CLANG_WARN_STRICT_PROTOTYPES = YES;
				CLANG_WARN_SUSPICIOUS_MOVE = YES;
				CLANG_WARN_UNGUARDED_AVAILABILITY = YES_AGGRESSIVE;
				CLANG_WARN_UNREACHABLE_CODE = YES;
				CLANG_WARN__DUPLICATE_METHOD_MATCH = YES;
				COPY_PHASE_STRIP = NO;
				DEBUG_INFORMATION_FORMAT = "dwarf-with-dsym";
				ENABLE_NS_ASSERTIONS = NO;
				ENABLE_STRICT_OBJC_MSGSEND = YES;
				GCC_C_LANGUAGE_STANDARD = gnu11;
				GCC_NO_COMMON_BLOCKS = YES;
				GCC_WARN_64_TO_32_BIT_CONVERSION = YES;
				GCC_WARN_ABOUT_RETURN_TYPE = YES_ERROR;
				GCC_WARN_UNDECLARED_SELECTOR = YES;
				GCC_WARN_UNINITIALIZED_AUTOS = YES_AGGRESSIVE;
				GCC_WARN_UNUSED_FUNCTION = YES;
				GCC_WARN_UNUSED_VARIABLE = YES;
				IPHONEOS_DEPLOYMENT_TARGET = 13.2;
				MTL_ENABLE_DEBUG_INFO = NO;
				MTL_FAST_MATH = YES;
				SDKROOT = iphoneos;
				SWIFT_COMPILATION_MODE = wholemodule;
				SWIFT_OPTIMIZATION_LEVEL = "-O";
				VALIDATE_PRODUCT = YES;
			};
			name = Release;
		};
		48BE92ED238ECABC00A89EF4 /* Debug */ = {
			isa = XCBuildConfiguration;
			buildSettings = {
				ASSETCATALOG_COMPILER_APPICON_NAME = AppIcon;
				CODE_SIGN_STYLE = Automatic;
				DEVELOPMENT_TEAM = 63Q5U6V79A;
				INFOPLIST_FILE = M01ClothesStore/Info.plist;
				IPHONEOS_DEPLOYMENT_TARGET = 12.2;
				LD_RUNPATH_SEARCH_PATHS = (
					"$(inherited)",
					"@executable_path/Frameworks",
				);
				PRODUCT_BUNDLE_IDENTIFIER = org.macharg.M01ClothesStore;
				PRODUCT_NAME = "$(TARGET_NAME)";
				SWIFT_VERSION = 5.0;
				TARGETED_DEVICE_FAMILY = "1,2";
			};
			name = Debug;
		};
		48BE92EE238ECABC00A89EF4 /* Release */ = {
			isa = XCBuildConfiguration;
			buildSettings = {
				ASSETCATALOG_COMPILER_APPICON_NAME = AppIcon;
				CODE_SIGN_STYLE = Automatic;
				DEVELOPMENT_TEAM = 63Q5U6V79A;
				INFOPLIST_FILE = M01ClothesStore/Info.plist;
				IPHONEOS_DEPLOYMENT_TARGET = 12.2;
				LD_RUNPATH_SEARCH_PATHS = (
					"$(inherited)",
					"@executable_path/Frameworks",
				);
				PRODUCT_BUNDLE_IDENTIFIER = org.macharg.M01ClothesStore;
				PRODUCT_NAME = "$(TARGET_NAME)";
				SWIFT_VERSION = 5.0;
				TARGETED_DEVICE_FAMILY = "1,2";
			};
			name = Release;
		};
		48BE92F0238ECABC00A89EF4 /* Debug */ = {
			isa = XCBuildConfiguration;
			buildSettings = {
				ALWAYS_EMBED_SWIFT_STANDARD_LIBRARIES = YES;
				BUNDLE_LOADER = "$(TEST_HOST)";
				CODE_SIGN_STYLE = Automatic;
				DEVELOPMENT_TEAM = LN7L8M6G75;
				INFOPLIST_FILE = M01ClothesStoreTests/Info.plist;
				IPHONEOS_DEPLOYMENT_TARGET = 12.2;
				LD_RUNPATH_SEARCH_PATHS = (
					"$(inherited)",
					"@executable_path/Frameworks",
					"@loader_path/Frameworks",
				);
				PRODUCT_BUNDLE_IDENTIFIER = org.macharg.M01ClothesStoreTests;
				PRODUCT_NAME = "$(TARGET_NAME)";
				SWIFT_VERSION = 5.0;
				TARGETED_DEVICE_FAMILY = "1,2";
				TEST_HOST = "$(BUILT_PRODUCTS_DIR)/M01ClothesStore.app/M01ClothesStore";
			};
			name = Debug;
		};
		48BE92F1238ECABC00A89EF4 /* Release */ = {
			isa = XCBuildConfiguration;
			buildSettings = {
				ALWAYS_EMBED_SWIFT_STANDARD_LIBRARIES = YES;
				BUNDLE_LOADER = "$(TEST_HOST)";
				CODE_SIGN_STYLE = Automatic;
				DEVELOPMENT_TEAM = LN7L8M6G75;
				INFOPLIST_FILE = M01ClothesStoreTests/Info.plist;
				IPHONEOS_DEPLOYMENT_TARGET = 12.2;
				LD_RUNPATH_SEARCH_PATHS = (
					"$(inherited)",
					"@executable_path/Frameworks",
					"@loader_path/Frameworks",
				);
				PRODUCT_BUNDLE_IDENTIFIER = org.macharg.M01ClothesStoreTests;
				PRODUCT_NAME = "$(TARGET_NAME)";
				SWIFT_VERSION = 5.0;
				TARGETED_DEVICE_FAMILY = "1,2";
				TEST_HOST = "$(BUILT_PRODUCTS_DIR)/M01ClothesStore.app/M01ClothesStore";
			};
			name = Release;
		};
		48BE92F3238ECABC00A89EF4 /* Debug */ = {
			isa = XCBuildConfiguration;
			buildSettings = {
				ALWAYS_EMBED_SWIFT_STANDARD_LIBRARIES = YES;
				CODE_SIGN_STYLE = Automatic;
				DEVELOPMENT_TEAM = LN7L8M6G75;
				INFOPLIST_FILE = M01ClothesStoreUITests/Info.plist;
				IPHONEOS_DEPLOYMENT_TARGET = 12.2;
				LD_RUNPATH_SEARCH_PATHS = (
					"$(inherited)",
					"@executable_path/Frameworks",
					"@loader_path/Frameworks",
				);
				PRODUCT_BUNDLE_IDENTIFIER = org.macharg.M01ClothesStoreUITests;
				PRODUCT_NAME = "$(TARGET_NAME)";
				SWIFT_VERSION = 5.0;
				TARGETED_DEVICE_FAMILY = "1,2";
				TEST_TARGET_NAME = M01ClothesStore;
			};
			name = Debug;
		};
		48BE92F4238ECABC00A89EF4 /* Release */ = {
			isa = XCBuildConfiguration;
			buildSettings = {
				ALWAYS_EMBED_SWIFT_STANDARD_LIBRARIES = YES;
				CODE_SIGN_STYLE = Automatic;
				DEVELOPMENT_TEAM = LN7L8M6G75;
				INFOPLIST_FILE = M01ClothesStoreUITests/Info.plist;
				IPHONEOS_DEPLOYMENT_TARGET = 12.2;
				LD_RUNPATH_SEARCH_PATHS = (
					"$(inherited)",
					"@executable_path/Frameworks",
					"@loader_path/Frameworks",
				);
				PRODUCT_BUNDLE_IDENTIFIER = org.macharg.M01ClothesStoreUITests;
				PRODUCT_NAME = "$(TARGET_NAME)";
				SWIFT_VERSION = 5.0;
				TARGETED_DEVICE_FAMILY = "1,2";
				TEST_TARGET_NAME = M01ClothesStore;
			};
			name = Release;
		};
/* End XCBuildConfiguration section */

/* Begin XCConfigurationList section */
		48BE92BA238ECABA00A89EF4 /* Build configuration list for PBXProject "M01ClothesStore" */ = {
			isa = XCConfigurationList;
			buildConfigurations = (
				48BE92EA238ECABC00A89EF4 /* Debug */,
				48BE92EB238ECABC00A89EF4 /* Release */,
			);
			defaultConfigurationIsVisible = 0;
			defaultConfigurationName = Release;
		};
		48BE92EC238ECABC00A89EF4 /* Build configuration list for PBXNativeTarget "M01ClothesStore" */ = {
			isa = XCConfigurationList;
			buildConfigurations = (
				48BE92ED238ECABC00A89EF4 /* Debug */,
				48BE92EE238ECABC00A89EF4 /* Release */,
			);
			defaultConfigurationIsVisible = 0;
			defaultConfigurationName = Release;
		};
		48BE92EF238ECABC00A89EF4 /* Build configuration list for PBXNativeTarget "M01ClothesStoreTests" */ = {
			isa = XCConfigurationList;
			buildConfigurations = (
				48BE92F0238ECABC00A89EF4 /* Debug */,
				48BE92F1238ECABC00A89EF4 /* Release */,
			);
			defaultConfigurationIsVisible = 0;
			defaultConfigurationName = Release;
		};
		48BE92F2238ECABC00A89EF4 /* Build configuration list for PBXNativeTarget "M01ClothesStoreUITests" */ = {
			isa = XCConfigurationList;
			buildConfigurations = (
				48BE92F3238ECABC00A89EF4 /* Debug */,
				48BE92F4238ECABC00A89EF4 /* Release */,
			);
			defaultConfigurationIsVisible = 0;
			defaultConfigurationName = Release;
		};
/* End XCConfigurationList section */

/* Begin XCVersionGroup section */
		48BE92CB238ECABA00A89EF4 /* M01ClothesStore.xcdatamodeld */ = {
			isa = XCVersionGroup;
			children = (
				48BE92CC238ECABA00A89EF4 /* M01ClothesStore.xcdatamodel */,
			);
			currentVersion = 48BE92CC238ECABA00A89EF4 /* M01ClothesStore.xcdatamodel */;
			path = M01ClothesStore.xcdatamodeld;
			sourceTree = "<group>";
			versionGroupType = wrapper.xcdatamodel;
		};
/* End XCVersionGroup section */
	};
	rootObject = 48BE92B7238ECABA00A89EF4 /* Project object */;
}
